// !$*UTF8*$!
{
	archiveVersion = 1;
	classes = {
	};
	objectVersion = 46;
	objects = {

/* Begin PBXBuildFile section */
		D3D8BF521A1AECD9007222CC /* main.m in Sources */ = {isa = PBXBuildFile; fileRef = D3D8BF511A1AECD9007222CC /* main.m */; };
		D3D8BF551A1AECD9007222CC /* AppDelegate.m in Sources */ = {isa = PBXBuildFile; fileRef = D3D8BF541A1AECD9007222CC /* AppDelegate.m */; };
		D3D8BF571A1AECD9007222CC /* Images.xcassets in Resources */ = {isa = PBXBuildFile; fileRef = D3D8BF561A1AECD9007222CC /* Images.xcassets */; };
		D3D8BF5A1A1AECD9007222CC /* LaunchScreen.xib in Resources */ = {isa = PBXBuildFile; fileRef = D3D8BF581A1AECD9007222CC /* LaunchScreen.xib */; };
		D3D8BF661A1AECD9007222CC /* MUCHTests.m in Sources */ = {isa = PBXBuildFile; fileRef = D3D8BF651A1AECD9007222CC /* MUCHTests.m */; };
/* End PBXBuildFile section */

/* Begin PBXContainerItemProxy section */
		D3D8BF601A1AECD9007222CC /* PBXContainerItemProxy */ = {
			isa = PBXContainerItemProxy;
			containerPortal = D3D8BF441A1AECD9007222CC /* Project object */;
			proxyType = 1;
			remoteGlobalIDString = D3D8BF4B1A1AECD9007222CC;
			remoteInfo = MUCH;
		};
/* End PBXContainerItemProxy section */

/* Begin PBXFileReference section */
		D3D8BF4C1A1AECD9007222CC /* MUCH.app */ = {isa = PBXFileReference; explicitFileType = wrapper.application; includeInIndex = 0; path = MUCH.app; sourceTree = BUILT_PRODUCTS_DIR; };
		D3D8BF501A1AECD9007222CC /* Info.plist */ = {isa = PBXFileReference; lastKnownFileType = text.plist.xml; path = Info.plist; sourceTree = "<group>"; };
		D3D8BF511A1AECD9007222CC /* main.m */ = {isa = PBXFileReference; lastKnownFileType = sourcecode.c.objc; path = main.m; sourceTree = "<group>"; };
		D3D8BF531A1AECD9007222CC /* AppDelegate.h */ = {isa = PBXFileReference; lastKnownFileType = sourcecode.c.h; path = AppDelegate.h; sourceTree = "<group>"; };
		D3D8BF541A1AECD9007222CC /* AppDelegate.m */ = {isa = PBXFileReference; lastKnownFileType = sourcecode.c.objc; path = AppDelegate.m; sourceTree = "<group>"; };
		D3D8BF561A1AECD9007222CC /* Images.xcassets */ = {isa = PBXFileReference; lastKnownFileType = folder.assetcatalog; path = Images.xcassets; sourceTree = "<group>"; };
		D3D8BF591A1AECD9007222CC /* Base */ = {isa = PBXFileReference; lastKnownFileType = file.xib; name = Base; path = Base.lproj/LaunchScreen.xib; sourceTree = "<group>"; };
		D3D8BF5F1A1AECD9007222CC /* MUCHTests.xctest */ = {isa = PBXFileReference; explicitFileType = wrapper.cfbundle; includeInIndex = 0; path = MUCHTests.xctest; sourceTree = BUILT_PRODUCTS_DIR; };
		D3D8BF641A1AECD9007222CC /* Info.plist */ = {isa = PBXFileReference; lastKnownFileType = text.plist.xml; path = Info.plist; sourceTree = "<group>"; };
		D3D8BF651A1AECD9007222CC /* MUCHTests.m */ = {isa = PBXFileReference; lastKnownFileType = sourcecode.c.objc; path = MUCHTests.m; sourceTree = "<group>"; };
/* End PBXFileReference section */

/* Begin PBXFrameworksBuildPhase section */
		D3D8BF491A1AECD9007222CC /* Frameworks */ = {
			isa = PBXFrameworksBuildPhase;
			buildActionMask = 2147483647;
			files = (
			);
			runOnlyForDeploymentPostprocessing = 0;
		};
		D3D8BF5C1A1AECD9007222CC /* Frameworks */ = {
			isa = PBXFrameworksBuildPhase;
			buildActionMask = 2147483647;
			files = (
			);
			runOnlyForDeploymentPostprocessing = 0;
		};
/* End PBXFrameworksBuildPhase section */

/* Begin PBXGroup section */
		D3D8BF431A1AECD9007222CC = {
			isa = PBXGroup;
			children = (
				D3D8BF4E1A1AECD9007222CC /* MUCH */,
				D3D8BF621A1AECD9007222CC /* MUCHTests */,
				D3D8BF4D1A1AECD9007222CC /* Products */,
			);
			sourceTree = "<group>";
		};
		D3D8BF4D1A1AECD9007222CC /* Products */ = {
			isa = PBXGroup;
			children = (
				D3D8BF4C1A1AECD9007222CC /* MUCH.app */,
				D3D8BF5F1A1AECD9007222CC /* MUCHTests.xctest */,
			);
			name = Products;
			sourceTree = "<group>";
		};
		D3D8BF4E1A1AECD9007222CC /* MUCH */ = {
			isa = PBXGroup;
			children = (
				D3D8BF531A1AECD9007222CC /* AppDelegate.h */,
				D3D8BF541A1AECD9007222CC /* AppDelegate.m */,
				D3D8BF561A1AECD9007222CC /* Images.xcassets */,
				D3D8BF581A1AECD9007222CC /* LaunchScreen.xib */,
				D3D8BF4F1A1AECD9007222CC /* Supporting Files */,
			);
			path = MUCH;
			sourceTree = "<group>";
		};
		D3D8BF4F1A1AECD9007222CC /* Supporting Files */ = {
			isa = PBXGroup;
			children = (
				D3D8BF501A1AECD9007222CC /* Info.plist */,
				D3D8BF511A1AECD9007222CC /* main.m */,
			);
			name = "Supporting Files";
			sourceTree = "<group>";
		};
		D3D8BF621A1AECD9007222CC /* MUCHTests */ = {
			isa = PBXGroup;
			children = (
				D3D8BF651A1AECD9007222CC /* MUCHTests.m */,
				D3D8BF631A1AECD9007222CC /* Supporting Files */,
			);
			path = MUCHTests;
			sourceTree = "<group>";
		};
		D3D8BF631A1AECD9007222CC /* Supporting Files */ = {
			isa = PBXGroup;
			children = (
				D3D8BF641A1AECD9007222CC /* Info.plist */,
			);
			name = "Supporting Files";
			sourceTree = "<group>";
		};
/* End PBXGroup section */

/* Begin PBXNativeTarget section */
		D3D8BF4B1A1AECD9007222CC /* MUCH */ = {
			isa = PBXNativeTarget;
			buildConfigurationList = D3D8BF691A1AECD9007222CC /* Build configuration list for PBXNativeTarget "MUCH" */;
			buildPhases = (
				D3D8BF481A1AECD9007222CC /* Sources */,
				D3D8BF491A1AECD9007222CC /* Frameworks */,
				D3D8BF4A1A1AECD9007222CC /* Resources */,
			);
			buildRules = (
			);
			dependencies = (
			);
			name = MUCH;
			productName = MUCH;
			productReference = D3D8BF4C1A1AECD9007222CC /* MUCH.app */;
			productType = "com.apple.product-type.application";
		};
		D3D8BF5E1A1AECD9007222CC /* MUCHTests */ = {
			isa = PBXNativeTarget;
			buildConfigurationList = D3D8BF6C1A1AECD9007222CC /* Build configuration list for PBXNativeTarget "MUCHTests" */;
			buildPhases = (
				D3D8BF5B1A1AECD9007222CC /* Sources */,
				D3D8BF5C1A1AECD9007222CC /* Frameworks */,
				D3D8BF5D1A1AECD9007222CC /* Resources */,
			);
			buildRules = (
			);
			dependencies = (
				D3D8BF611A1AECD9007222CC /* PBXTargetDependency */,
			);
			name = MUCHTests;
			productName = MUCHTests;
			productReference = D3D8BF5F1A1AECD9007222CC /* MUCHTests.xctest */;
			productType = "com.apple.product-type.bundle.unit-test";
		};
/* End PBXNativeTarget section */

/* Begin PBXProject section */
		D3D8BF441A1AECD9007222CC /* Project object */ = {
			isa = PBXProject;
			attributes = {
				LastUpgradeCheck = 0610;
				ORGANIZATIONNAME = wy;
				TargetAttributes = {
					D3D8BF4B1A1AECD9007222CC = {
						CreatedOnToolsVersion = 6.1;
					};
					D3D8BF5E1A1AECD9007222CC = {
						CreatedOnToolsVersion = 6.1;
						TestTargetID = D3D8BF4B1A1AECD9007222CC;
					};
				};
			};
			buildConfigurationList = D3D8BF471A1AECD9007222CC /* Build configuration list for PBXProject "MUCH" */;
			compatibilityVersion = "Xcode 3.2";
			developmentRegion = English;
			hasScannedForEncodings = 0;
			knownRegions = (
				en,
				Base,
			);
			mainGroup = D3D8BF431A1AECD9007222CC;
			productRefGroup = D3D8BF4D1A1AECD9007222CC /* Products */;
			projectDirPath = "";
			projectRoot = "";
			targets = (
				D3D8BF4B1A1AECD9007222CC /* MUCH */,
				D3D8BF5E1A1AECD9007222CC /* MUCHTests */,
			);
		};
/* End PBXProject section */

/* Begin PBXResourcesBuildPhase section */
		D3D8BF4A1A1AECD9007222CC /* Resources */ = {
			isa = PBXResourcesBuildPhase;
			buildActionMask = 2147483647;
			files = (
				D3D8BF5A1A1AECD9007222CC /* LaunchScreen.xib in Resources */,
				D3D8BF571A1AECD9007222CC /* Images.xcassets in Resources */,
			);
			runOnlyForDeploymentPostprocessing = 0;
		};
		D3D8BF5D1A1AECD9007222CC /* Resources */ = {
			isa = PBXResourcesBuildPhase;
			buildActionMask = 2147483647;
			files = (
			);
			runOnlyForDeploymentPostprocessing = 0;
		};
/* End PBXResourcesBuildPhase section */

/* Begin PBXSourcesBuildPhase section */
		D3D8BF481A1AECD9007222CC /* Sources */ = {
			isa = PBXSourcesBuildPhase;
			buildActionMask = 2147483647;
			files = (
				D3D8BF551A1AECD9007222CC /* AppDelegate.m in Sources */,
				D3D8BF521A1AECD9007222CC /* main.m in Sources */,
			);
			runOnlyForDeploymentPostprocessing = 0;
		};
		D3D8BF5B1A1AECD9007222CC /* Sources */ = {
			isa = PBXSourcesBuildPhase;
			buildActionMask = 2147483647;
			files = (
				D3D8BF661A1AECD9007222CC /* MUCHTests.m in Sources */,
			);
			runOnlyForDeploymentPostprocessing = 0;
		};
/* End PBXSourcesBuildPhase section */

/* Begin PBXTargetDependency section */
		D3D8BF611A1AECD9007222CC /* PBXTargetDependency */ = {
			isa = PBXTargetDependency;
			target = D3D8BF4B1A1AECD9007222CC /* MUCH */;
			targetProxy = D3D8BF601A1AECD9007222CC /* PBXContainerItemProxy */;
		};
/* End PBXTargetDependency section */

/* Begin PBXVariantGroup section */
		D3D8BF581A1AECD9007222CC /* LaunchScreen.xib */ = {
			isa = PBXVariantGroup;
			children = (
				D3D8BF591A1AECD9007222CC /* Base */,
			);
			name = LaunchScreen.xib;
			sourceTree = "<group>";
		};
/* End PBXVariantGroup section */

/* Begin XCBuildConfiguration section */
		D3D8BF671A1AECD9007222CC /* Debug */ = {
			isa = XCBuildConfiguration;
			buildSettings = {
				ALWAYS_SEARCH_USER_PATHS = NO;
				CLANG_CXX_LANGUAGE_STANDARD = "gnu++0x";
				CLANG_CXX_LIBRARY = "libc++";
				CLANG_ENABLE_MODULES = YES;
				CLANG_ENABLE_OBJC_ARC = YES;
				CLANG_WARN_BOOL_CONVERSION = YES;
				CLANG_WARN_CONSTANT_CONVERSION = YES;
				CLANG_WARN_DIRECT_OBJC_ISA_USAGE = YES_ERROR;
				CLANG_WARN_EMPTY_BODY = YES;
				CLANG_WARN_ENUM_CONVERSION = YES;
				CLANG_WARN_INT_CONVERSION = YES;
				CLANG_WARN_OBJC_ROOT_CLASS = YES_ERROR;
				CLANG_WARN_UNREACHABLE_CODE = YES;
				CLANG_WARN__DUPLICATE_METHOD_MATCH = YES;
				"CODE_SIGN_IDENTITY[sdk=iphoneos*]" = "iPhone Developer";
				COPY_PHASE_STRIP = NO;
				ENABLE_STRICT_OBJC_MSGSEND = YES;
				GCC_C_LANGUAGE_STANDARD = gnu99;
				GCC_DYNAMIC_NO_PIC = NO;
				GCC_OPTIMIZATION_LEVEL = 0;
				GCC_PREPROCESSOR_DEFINITIONS = (
					"DEBUG=1",
					"$(inherited)",
				);
				GCC_SYMBOLS_PRIVATE_EXTERN = NO;
				GCC_WARN_64_TO_32_BIT_CONVERSION = YES;
				GCC_WARN_ABOUT_RETURN_TYPE = YES_ERROR;
				GCC_WARN_UNDECLARED_SELECTOR = YES;
				GCC_WARN_UNINITIALIZED_AUTOS = YES_AGGRESSIVE;
				GCC_WARN_UNUSED_FUNCTION = YES;
				GCC_WARN_UNUSED_VARIABLE = YES;
				IPHONEOS_DEPLOYMENT_TARGET = 8.1;
				MTL_ENABLE_DEBUG_INFO = YES;
				ONLY_ACTIVE_ARCH = YES;
				SDKROOT = iphoneos;
			};
			name = Debug;
		};
		D3D8BF681A1AECD9007222CC /* Release */ = {
			isa = XCBuildConfiguration;
			buildSettings = {
				ALWAYS_SEARCH_USER_PATHS = NO;
				CLANG_CXX_LANGUAGE_STANDARD = "gnu++0x";
				CLANG_CXX_LIBRARY = "libc++";
				CLANG_ENABLE_MODULES = YES;
				CLANG_ENABLE_OBJC_ARC = YES;
				CLANG_WARN_BOOL_CONVERSION = YES;
				CLANG_WARN_CONSTANT_CONVERSION = YES;
				CLANG_WARN_DIRECT_OBJC_ISA_USAGE = YES_ERROR;
				CLANG_WARN_EMPTY_BODY = YES;
				CLANG_WARN_ENUM_CONVERSION = YES;
				CLANG_WARN_INT_CONVERSION = YES;
				CLANG_WARN_OBJC_ROOT_CLASS = YES_ERROR;
				CLANG_WARN_UNREACHABLE_CODE = YES;
				CLANG_WARN__DUPLICATE_METHOD_MATCH = YES;
				"CODE_SIGN_IDENTITY[sdk=iphoneos*]" = "iPhone Developer";
				COPY_PHASE_STRIP = YES;
				ENABLE_NS_ASSERTIONS = NO;
				ENABLE_STRICT_OBJC_MSGSEND = YES;
				GCC_C_LANGUAGE_STANDARD = gnu99;
				GCC_WARN_64_TO_32_BIT_CONVERSION = YES;
				GCC_WARN_ABOUT_RETURN_TYPE = YES_ERROR;
				GCC_WARN_UNDECLARED_SELECTOR = YES;
				GCC_WARN_UNINITIALIZED_AUTOS = YES_AGGRESSIVE;
				GCC_WARN_UNUSED_FUNCTION = YES;
				GCC_WARN_UNUSED_VARIABLE = YES;
				IPHONEOS_DEPLOYMENT_TARGET = 8.1;
				MTL_ENABLE_DEBUG_INFO = NO;
				SDKROOT = iphoneos;
				VALIDATE_PRODUCT = YES;
			};
			name = Release;
		};
		D3D8BF6A1A1AECD9007222CC /* Debug */ = {
			isa = XCBuildConfiguration;
			buildSettings = {
				ASSETCATALOG_COMPILER_APPICON_NAME = AppIcon;
				INFOPLIST_FILE = MUCH/Info.plist;
				LD_RUNPATH_SEARCH_PATHS = "$(inherited) @executable_path/Frameworks";
				PRODUCT_NAME = "$(TARGET_NAME)";
			};
			name = Debug;
		};
		D3D8BF6B1A1AECD9007222CC /* Release */ = {
			isa = XCBuildConfiguration;
			buildSettings = {
				ASSETCATALOG_COMPILER_APPICON_NAME = AppIcon;
				INFOPLIST_FILE = MUCH/Info.plist;
				LD_RUNPATH_SEARCH_PATHS = "$(inherited) @executable_path/Frameworks";
				PRODUCT_NAME = "$(TARGET_NAME)";
			};
			name = Release;
		};
		D3D8BF6D1A1AECD9007222CC /* Debug */ = {
			isa = XCBuildConfiguration;
			buildSettings = {
				BUNDLE_LOADER = "$(TEST_HOST)";
				FRAMEWORK_SEARCH_PATHS = (
					"$(SDKROOT)/Developer/Library/Frameworks",
					"$(inherited)",
				);
				GCC_PREPROCESSOR_DEFINITIONS = (
					"DEBUG=1",
					"$(inherited)",
				);
				INFOPLIST_FILE = MUCHTests/Info.plist;
				LD_RUNPATH_SEARCH_PATHS = "$(inherited) @executable_path/Frameworks @loader_path/Frameworks";
				PRODUCT_NAME = "$(TARGET_NAME)";
				TEST_HOST = "$(BUILT_PRODUCTS_DIR)/MUCH.app/MUCH";
			};
			name = Debug;
		};
		D3D8BF6E1A1AECD9007222CC /* Release */ = {
			isa = XCBuildConfiguration;
			buildSettings = {
				BUNDLE_LOADER = "$(TEST_HOST)";
				FRAMEWORK_SEARCH_PATHS = (
					"$(SDKROOT)/Developer/Library/Frameworks",
					"$(inherited)",
				);
				INFOPLIST_FILE = MUCHTests/Info.plist;
				LD_RUNPATH_SEARCH_PATHS = "$(inherited) @executable_path/Frameworks @loader_path/Frameworks";
				PRODUCT_NAME = "$(TARGET_NAME)";
				TEST_HOST = "$(BUILT_PRODUCTS_DIR)/MUCH.app/MUCH";
			};
			name = Release;
		};
/* End XCBuildConfiguration section */

/* Begin XCConfigurationList section */
		D3D8BF471A1AECD9007222CC /* Build configuration list for PBXProject "MUCH" */ = {
			isa = XCConfigurationList;
			buildConfigurations = (
				D3D8BF671A1AECD9007222CC /* Debug */,
				D3D8BF681A1AECD9007222CC /* Release */,
			);
			defaultConfigurationIsVisible = 0;
			defaultConfigurationName = Release;
		};
		D3D8BF691A1AECD9007222CC /* Build configuration list for PBXNativeTarget "MUCH" */ = {
			isa = XCConfigurationList;
			buildConfigurations = (
				D3D8BF6A1A1AECD9007222CC /* Debug */,
				D3D8BF6B1A1AECD9007222CC /* Release */,
			);
			defaultConfigurationIsVisible = 0;
		};
		D3D8BF6C1A1AECD9007222CC /* Build configuration list for PBXNativeTarget "MUCHTests" */ = {
			isa = XCConfigurationList;
			buildConfigurations = (
				D3D8BF6D1A1AECD9007222CC /* Debug */,
				D3D8BF6E1A1AECD9007222CC /* Release */,
			);
			defaultConfigurationIsVisible = 0;
		};
/* End XCConfigurationList section */
	};
	rootObject = D3D8BF441A1AECD9007222CC /* Project object */;
}
